// !$*UTF8*$!
{
	archiveVersion = 1;
	classes = {
	};
	objectVersion = 51;
	objects = {

/* Begin PBXBuildFile section */
		4CDFD48BF6BCF360F7DF6C03 /* Pods_NewTestIOS.framework in Frameworks */ = {isa = PBXBuildFile; fileRef = 55A4461F4647B732AD847FE6 /* Pods_NewTestIOS.framework */; };
		5F7FD7FF693C062F5B75144C /* Pods_NewTestIOSTests.framework in Frameworks */ = {isa = PBXBuildFile; fileRef = 1337B182065F7C1536A28EDD /* Pods_NewTestIOSTests.framework */; };
		EE118D67241E67FE0069CB1F /* AppDelegate.swift in Sources */ = {isa = PBXBuildFile; fileRef = EE118D66241E67FE0069CB1F /* AppDelegate.swift */; };
		EE118D69241E67FE0069CB1F /* SceneDelegate.swift in Sources */ = {isa = PBXBuildFile; fileRef = EE118D68241E67FE0069CB1F /* SceneDelegate.swift */; };
		EE118D6B241E67FE0069CB1F /* HomeViewController.swift in Sources */ = {isa = PBXBuildFile; fileRef = EE118D6A241E67FE0069CB1F /* HomeViewController.swift */; };
		EE118D70241E67FF0069CB1F /* Assets.xcassets in Resources */ = {isa = PBXBuildFile; fileRef = EE118D6F241E67FF0069CB1F /* Assets.xcassets */; };
		EE118D73241E67FF0069CB1F /* LaunchScreen.storyboard in Resources */ = {isa = PBXBuildFile; fileRef = EE118D71241E67FF0069CB1F /* LaunchScreen.storyboard */; };
		EE118D7E241E67FF0069CB1F /* NewTestIOSTests.swift in Sources */ = {isa = PBXBuildFile; fileRef = EE118D7D241E67FF0069CB1F /* NewTestIOSTests.swift */; };
		EE118D8A241E72810069CB1F /* HomeInfoTableViewCell.swift in Sources */ = {isa = PBXBuildFile; fileRef = EE118D89241E72810069CB1F /* HomeInfoTableViewCell.swift */; };
		EE118D8D241E75740069CB1F /* DataModel.swift in Sources */ = {isa = PBXBuildFile; fileRef = EE118D8C241E75740069CB1F /* DataModel.swift */; };
		EE118D90241E76020069CB1F /* Constants.swift in Sources */ = {isa = PBXBuildFile; fileRef = EE118D8F241E76020069CB1F /* Constants.swift */; };
		EE118D93241E782C0069CB1F /* NetworkApiManager.swift in Sources */ = {isa = PBXBuildFile; fileRef = EE118D92241E782C0069CB1F /* NetworkApiManager.swift */; };
		EE118D98241EA82D0069CB1F /* ReachabilityCheck.swift in Sources */ = {isa = PBXBuildFile; fileRef = EE118D97241EA82D0069CB1F /* ReachabilityCheck.swift */; };
		EE118D9A241EAB4B0069CB1F /* UIAlertHelper.swift in Sources */ = {isa = PBXBuildFile; fileRef = EE118D99241EAB4B0069CB1F /* UIAlertHelper.swift */; };
/* End PBXBuildFile section */

/* Begin PBXContainerItemProxy section */
		EE118D7A241E67FF0069CB1F /* PBXContainerItemProxy */ = {
			isa = PBXContainerItemProxy;
			containerPortal = EE118D5B241E67FE0069CB1F /* Project object */;
			proxyType = 1;
			remoteGlobalIDString = EE118D62241E67FE0069CB1F;
			remoteInfo = NewTestIOS;
		};
/* End PBXContainerItemProxy section */

/* Begin PBXFileReference section */
		1337B182065F7C1536A28EDD /* Pods_NewTestIOSTests.framework */ = {isa = PBXFileReference; explicitFileType = wrapper.framework; includeInIndex = 0; path = Pods_NewTestIOSTests.framework; sourceTree = BUILT_PRODUCTS_DIR; };
		4176DE5F23E622E42C8FA78D /* Pods-NewTestIOS.release.xcconfig */ = {isa = PBXFileReference; includeInIndex = 1; lastKnownFileType = text.xcconfig; name = "Pods-NewTestIOS.release.xcconfig"; path = "Target Support Files/Pods-NewTestIOS/Pods-NewTestIOS.release.xcconfig"; sourceTree = "<group>"; };
		439E4CAA6934D9F51940B99D /* Pods-NewTestIOSTests.debug.xcconfig */ = {isa = PBXFileReference; includeInIndex = 1; lastKnownFileType = text.xcconfig; name = "Pods-NewTestIOSTests.debug.xcconfig"; path = "Target Support Files/Pods-NewTestIOSTests/Pods-NewTestIOSTests.debug.xcconfig"; sourceTree = "<group>"; };
		52D9405AD710E4FE34E7CE5A /* Pods-NewTestIOSTests.release.xcconfig */ = {isa = PBXFileReference; includeInIndex = 1; lastKnownFileType = text.xcconfig; name = "Pods-NewTestIOSTests.release.xcconfig"; path = "Target Support Files/Pods-NewTestIOSTests/Pods-NewTestIOSTests.release.xcconfig"; sourceTree = "<group>"; };
		55A4461F4647B732AD847FE6 /* Pods_NewTestIOS.framework */ = {isa = PBXFileReference; explicitFileType = wrapper.framework; includeInIndex = 0; path = Pods_NewTestIOS.framework; sourceTree = BUILT_PRODUCTS_DIR; };
		903716EA4C38C23F5C19E8FA /* Pods-NewTestIOS.debug.xcconfig */ = {isa = PBXFileReference; includeInIndex = 1; lastKnownFileType = text.xcconfig; name = "Pods-NewTestIOS.debug.xcconfig"; path = "Target Support Files/Pods-NewTestIOS/Pods-NewTestIOS.debug.xcconfig"; sourceTree = "<group>"; };
		EE118D63241E67FE0069CB1F /* NewTestIOS.app */ = {isa = PBXFileReference; explicitFileType = wrapper.application; includeInIndex = 0; path = NewTestIOS.app; sourceTree = BUILT_PRODUCTS_DIR; };
		EE118D66241E67FE0069CB1F /* AppDelegate.swift */ = {isa = PBXFileReference; lastKnownFileType = sourcecode.swift; path = AppDelegate.swift; sourceTree = "<group>"; };
		EE118D68241E67FE0069CB1F /* SceneDelegate.swift */ = {isa = PBXFileReference; lastKnownFileType = sourcecode.swift; path = SceneDelegate.swift; sourceTree = "<group>"; };
		EE118D6A241E67FE0069CB1F /* HomeViewController.swift */ = {isa = PBXFileReference; lastKnownFileType = sourcecode.swift; path = HomeViewController.swift; sourceTree = "<group>"; };
		EE118D6F241E67FF0069CB1F /* Assets.xcassets */ = {isa = PBXFileReference; lastKnownFileType = folder.assetcatalog; path = Assets.xcassets; sourceTree = "<group>"; };
		EE118D72241E67FF0069CB1F /* Base */ = {isa = PBXFileReference; lastKnownFileType = file.storyboard; name = Base; path = Base.lproj/LaunchScreen.storyboard; sourceTree = "<group>"; };
		EE118D74241E67FF0069CB1F /* Info.plist */ = {isa = PBXFileReference; lastKnownFileType = text.plist.xml; path = Info.plist; sourceTree = "<group>"; };
		EE118D79241E67FF0069CB1F /* NewTestIOSTests.xctest */ = {isa = PBXFileReference; explicitFileType = wrapper.cfbundle; includeInIndex = 0; path = NewTestIOSTests.xctest; sourceTree = BUILT_PRODUCTS_DIR; };
		EE118D7D241E67FF0069CB1F /* NewTestIOSTests.swift */ = {isa = PBXFileReference; lastKnownFileType = sourcecode.swift; path = NewTestIOSTests.swift; sourceTree = "<group>"; };
		EE118D7F241E67FF0069CB1F /* Info.plist */ = {isa = PBXFileReference; lastKnownFileType = text.plist.xml; path = Info.plist; sourceTree = "<group>"; };
		EE118D89241E72810069CB1F /* HomeInfoTableViewCell.swift */ = {isa = PBXFileReference; lastKnownFileType = sourcecode.swift; path = HomeInfoTableViewCell.swift; sourceTree = "<group>"; };
		EE118D8C241E75740069CB1F /* DataModel.swift */ = {isa = PBXFileReference; lastKnownFileType = sourcecode.swift; path = DataModel.swift; sourceTree = "<group>"; };
		EE118D8F241E76020069CB1F /* Constants.swift */ = {isa = PBXFileReference; lastKnownFileType = sourcecode.swift; path = Constants.swift; sourceTree = "<group>"; };
		EE118D92241E782C0069CB1F /* NetworkApiManager.swift */ = {isa = PBXFileReference; lastKnownFileType = sourcecode.swift; path = NetworkApiManager.swift; sourceTree = "<group>"; };
		EE118D97241EA82D0069CB1F /* ReachabilityCheck.swift */ = {isa = PBXFileReference; lastKnownFileType = sourcecode.swift; path = ReachabilityCheck.swift; sourceTree = "<group>"; };
		EE118D99241EAB4B0069CB1F /* UIAlertHelper.swift */ = {isa = PBXFileReference; lastKnownFileType = sourcecode.swift; path = UIAlertHelper.swift; sourceTree = "<group>"; };
/* End PBXFileReference section */

/* Begin PBXFrameworksBuildPhase section */
		EE118D60241E67FE0069CB1F /* Frameworks */ = {
			isa = PBXFrameworksBuildPhase;
			buildActionMask = 2147483647;
			files = (
				4CDFD48BF6BCF360F7DF6C03 /* Pods_NewTestIOS.framework in Frameworks */,
			);
			runOnlyForDeploymentPostprocessing = 0;
		};
		EE118D76241E67FF0069CB1F /* Frameworks */ = {
			isa = PBXFrameworksBuildPhase;
			buildActionMask = 2147483647;
			files = (
				5F7FD7FF693C062F5B75144C /* Pods_NewTestIOSTests.framework in Frameworks */,
			);
			runOnlyForDeploymentPostprocessing = 0;
		};
/* End PBXFrameworksBuildPhase section */

/* Begin PBXGroup section */
		B666ED3C9317066097AB9763 /* Frameworks */ = {
			isa = PBXGroup;
			children = (
				55A4461F4647B732AD847FE6 /* Pods_NewTestIOS.framework */,
				1337B182065F7C1536A28EDD /* Pods_NewTestIOSTests.framework */,
			);
			name = Frameworks;
			sourceTree = "<group>";
		};
		C38A34C16AEB662AC4D8949A /* Pods */ = {
			isa = PBXGroup;
			children = (
				903716EA4C38C23F5C19E8FA /* Pods-NewTestIOS.debug.xcconfig */,
				4176DE5F23E622E42C8FA78D /* Pods-NewTestIOS.release.xcconfig */,
				439E4CAA6934D9F51940B99D /* Pods-NewTestIOSTests.debug.xcconfig */,
				52D9405AD710E4FE34E7CE5A /* Pods-NewTestIOSTests.release.xcconfig */,
			);
			path = Pods;
			sourceTree = "<group>";
		};
		EE118D5A241E67FE0069CB1F = {
			isa = PBXGroup;
			children = (
				EE118D65241E67FE0069CB1F /* NewTestIOS */,
				EE118D7C241E67FF0069CB1F /* NewTestIOSTests */,
				EE118D64241E67FE0069CB1F /* Products */,
				C38A34C16AEB662AC4D8949A /* Pods */,
				B666ED3C9317066097AB9763 /* Frameworks */,
			);
			sourceTree = "<group>";
		};
		EE118D64241E67FE0069CB1F /* Products */ = {
			isa = PBXGroup;
			children = (
				EE118D63241E67FE0069CB1F /* NewTestIOS.app */,
				EE118D79241E67FF0069CB1F /* NewTestIOSTests.xctest */,
			);
			name = Products;
			sourceTree = "<group>";
		};
		EE118D65241E67FE0069CB1F /* NewTestIOS */ = {
			isa = PBXGroup;
			children = (
				EE118D96241EA80A0069CB1F /* Util */,
				EE118D91241E77D10069CB1F /* NetworkManager */,
				EE118D8E241E75B80069CB1F /* Constant */,
				EE118D8B241E75570069CB1F /* DataModel */,
				EE118D88241E72500069CB1F /* TableViewCells */,
				EE118D66241E67FE0069CB1F /* AppDelegate.swift */,
				EE118D68241E67FE0069CB1F /* SceneDelegate.swift */,
				EE118D6A241E67FE0069CB1F /* HomeViewController.swift */,
				EE118D6F241E67FF0069CB1F /* Assets.xcassets */,
				EE118D71241E67FF0069CB1F /* LaunchScreen.storyboard */,
				EE118D74241E67FF0069CB1F /* Info.plist */,
			);
			path = NewTestIOS;
			sourceTree = "<group>";
		};
		EE118D7C241E67FF0069CB1F /* NewTestIOSTests */ = {
			isa = PBXGroup;
			children = (
				EE118D7D241E67FF0069CB1F /* NewTestIOSTests.swift */,
				EE118D7F241E67FF0069CB1F /* Info.plist */,
			);
			path = NewTestIOSTests;
			sourceTree = "<group>";
		};
		EE118D88241E72500069CB1F /* TableViewCells */ = {
			isa = PBXGroup;
			children = (
				EE118D89241E72810069CB1F /* HomeInfoTableViewCell.swift */,
			);
			path = TableViewCells;
			sourceTree = "<group>";
		};
		EE118D8B241E75570069CB1F /* DataModel */ = {
			isa = PBXGroup;
			children = (
				EE118D8C241E75740069CB1F /* DataModel.swift */,
			);
			path = DataModel;
			sourceTree = "<group>";
		};
		EE118D8E241E75B80069CB1F /* Constant */ = {
			isa = PBXGroup;
			children = (
				EE118D8F241E76020069CB1F /* Constants.swift */,
			);
			path = Constant;
			sourceTree = "<group>";
		};
		EE118D91241E77D10069CB1F /* NetworkManager */ = {
			isa = PBXGroup;
			children = (
				EE118D92241E782C0069CB1F /* NetworkApiManager.swift */,
			);
			path = NetworkManager;
			sourceTree = "<group>";
		};
		EE118D96241EA80A0069CB1F /* Util */ = {
			isa = PBXGroup;
			children = (
				EE118D97241EA82D0069CB1F /* ReachabilityCheck.swift */,
				EE118D99241EAB4B0069CB1F /* UIAlertHelper.swift */,
			);
			path = Util;
			sourceTree = "<group>";
		};
/* End PBXGroup section */

/* Begin PBXNativeTarget section */
		EE118D62241E67FE0069CB1F /* NewTestIOS */ = {
			isa = PBXNativeTarget;
			buildConfigurationList = EE118D82241E67FF0069CB1F /* Build configuration list for PBXNativeTarget "NewTestIOS" */;
			buildPhases = (
				C82C0D8565BA06A08417D206 /* [CP] Check Pods Manifest.lock */,
				EE118D5F241E67FE0069CB1F /* Sources */,
				EE118D60241E67FE0069CB1F /* Frameworks */,
				EE118D61241E67FE0069CB1F /* Resources */,
				057FCC5DE482DDD937BB5CF7 /* [CP] Embed Pods Frameworks */,
			);
			buildRules = (
			);
			dependencies = (
			);
			name = NewTestIOS;
			productName = NewTestIOS;
			productReference = EE118D63241E67FE0069CB1F /* NewTestIOS.app */;
			productType = "com.apple.product-type.application";
		};
		EE118D78241E67FF0069CB1F /* NewTestIOSTests */ = {
			isa = PBXNativeTarget;
			buildConfigurationList = EE118D85241E67FF0069CB1F /* Build configuration list for PBXNativeTarget "NewTestIOSTests" */;
			buildPhases = (
				19D309487032EE3E07394F53 /* [CP] Check Pods Manifest.lock */,
				EE118D75241E67FF0069CB1F /* Sources */,
				EE118D76241E67FF0069CB1F /* Frameworks */,
				EE118D77241E67FF0069CB1F /* Resources */,
			);
			buildRules = (
			);
			dependencies = (
				EE118D7B241E67FF0069CB1F /* PBXTargetDependency */,
			);
			name = NewTestIOSTests;
			productName = NewTestIOSTests;
			productReference = EE118D79241E67FF0069CB1F /* NewTestIOSTests.xctest */;
			productType = "com.apple.product-type.bundle.unit-test";
		};
/* End PBXNativeTarget section */

/* Begin PBXProject section */
		EE118D5B241E67FE0069CB1F /* Project object */ = {
			isa = PBXProject;
			attributes = {
				LastSwiftUpdateCheck = 1120;
				LastUpgradeCheck = 1120;
				ORGANIZATIONNAME = Vishal;
				TargetAttributes = {
					EE118D62241E67FE0069CB1F = {
						CreatedOnToolsVersion = 11.2.1;
					};
					EE118D78241E67FF0069CB1F = {
						CreatedOnToolsVersion = 11.2.1;
						TestTargetID = EE118D62241E67FE0069CB1F;
					};
				};
			};
			buildConfigurationList = EE118D5E241E67FE0069CB1F /* Build configuration list for PBXProject "NewTestIOS" */;
			compatibilityVersion = "Xcode 9.3";
			developmentRegion = en;
			hasScannedForEncodings = 0;
			knownRegions = (
				en,
				Base,
			);
			mainGroup = EE118D5A241E67FE0069CB1F;
			productRefGroup = EE118D64241E67FE0069CB1F /* Products */;
			projectDirPath = "";
			projectRoot = "";
			targets = (
				EE118D62241E67FE0069CB1F /* NewTestIOS */,
				EE118D78241E67FF0069CB1F /* NewTestIOSTests */,
			);
		};
/* End PBXProject section */

/* Begin PBXResourcesBuildPhase section */
		EE118D61241E67FE0069CB1F /* Resources */ = {
			isa = PBXResourcesBuildPhase;
			buildActionMask = 2147483647;
			files = (
				EE118D73241E67FF0069CB1F /* LaunchScreen.storyboard in Resources */,
				EE118D70241E67FF0069CB1F /* Assets.xcassets in Resources */,
			);
			runOnlyForDeploymentPostprocessing = 0;
		};
		EE118D77241E67FF0069CB1F /* Resources */ = {
			isa = PBXResourcesBuildPhase;
			buildActionMask = 2147483647;
			files = (
			);
			runOnlyForDeploymentPostprocessing = 0;
		};
/* End PBXResourcesBuildPhase section */

/* Begin PBXShellScriptBuildPhase section */
		057FCC5DE482DDD937BB5CF7 /* [CP] Embed Pods Frameworks */ = {
			isa = PBXShellScriptBuildPhase;
			buildActionMask = 2147483647;
			files = (
			);
			inputFileListPaths = (
				"${PODS_ROOT}/Target Support Files/Pods-NewTestIOS/Pods-NewTestIOS-frameworks-${CONFIGURATION}-input-files.xcfilelist",
			);
			name = "[CP] Embed Pods Frameworks";
			outputFileListPaths = (
				"${PODS_ROOT}/Target Support Files/Pods-NewTestIOS/Pods-NewTestIOS-frameworks-${CONFIGURATION}-output-files.xcfilelist",
			);
			runOnlyForDeploymentPostprocessing = 0;
			shellPath = /bin/sh;
			shellScript = "\"${PODS_ROOT}/Target Support Files/Pods-NewTestIOS/Pods-NewTestIOS-frameworks.sh\"\n";
			showEnvVarsInLog = 0;
		};
		19D309487032EE3E07394F53 /* [CP] Check Pods Manifest.lock */ = {
			isa = PBXShellScriptBuildPhase;
			buildActionMask = 2147483647;
			files = (
			);
			inputFileListPaths = (
			);
			inputPaths = (
				"${PODS_PODFILE_DIR_PATH}/Podfile.lock",
				"${PODS_ROOT}/Manifest.lock",
			);
			name = "[CP] Check Pods Manifest.lock";
			outputFileListPaths = (
			);
			outputPaths = (
				"$(DERIVED_FILE_DIR)/Pods-NewTestIOSTests-checkManifestLockResult.txt",
			);
			runOnlyForDeploymentPostprocessing = 0;
			shellPath = /bin/sh;
			shellScript = "diff \"${PODS_PODFILE_DIR_PATH}/Podfile.lock\" \"${PODS_ROOT}/Manifest.lock\" > /dev/null\nif [ $? != 0 ] ; then\n    # print error to STDERR\n    echo \"error: The sandbox is not in sync with the Podfile.lock. Run 'pod install' or update your CocoaPods installation.\" >&2\n    exit 1\nfi\n# This output is used by Xcode 'outputs' to avoid re-running this script phase.\necho \"SUCCESS\" > \"${SCRIPT_OUTPUT_FILE_0}\"\n";
			showEnvVarsInLog = 0;
		};
		C82C0D8565BA06A08417D206 /* [CP] Check Pods Manifest.lock */ = {
			isa = PBXShellScriptBuildPhase;
			buildActionMask = 2147483647;
			files = (
			);
			inputFileListPaths = (
			);
			inputPaths = (
				"${PODS_PODFILE_DIR_PATH}/Podfile.lock",
				"${PODS_ROOT}/Manifest.lock",
			);
			name = "[CP] Check Pods Manifest.lock";
			outputFileListPaths = (
			);
			outputPaths = (
				"$(DERIVED_FILE_DIR)/Pods-NewTestIOS-checkManifestLockResult.txt",
			);
			runOnlyForDeploymentPostprocessing = 0;
			shellPath = /bin/sh;
			shellScript = "diff \"${PODS_PODFILE_DIR_PATH}/Podfile.lock\" \"${PODS_ROOT}/Manifest.lock\" > /dev/null\nif [ $? != 0 ] ; then\n    # print error to STDERR\n    echo \"error: The sandbox is not in sync with the Podfile.lock. Run 'pod install' or update your CocoaPods installation.\" >&2\n    exit 1\nfi\n# This output is used by Xcode 'outputs' to avoid re-running this script phase.\necho \"SUCCESS\" > \"${SCRIPT_OUTPUT_FILE_0}\"\n";
			showEnvVarsInLog = 0;
		};
/* End PBXShellScriptBuildPhase section */

/* Begin PBXSourcesBuildPhase section */
		EE118D5F241E67FE0069CB1F /* Sources */ = {
			isa = PBXSourcesBuildPhase;
			buildActionMask = 2147483647;
			files = (
				EE118D8D241E75740069CB1F /* DataModel.swift in Sources */,
				EE118D98241EA82D0069CB1F /* ReachabilityCheck.swift in Sources */,
				EE118D9A241EAB4B0069CB1F /* UIAlertHelper.swift in Sources */,
				EE118D6B241E67FE0069CB1F /* HomeViewController.swift in Sources */,
				EE118D67241E67FE0069CB1F /* AppDelegate.swift in Sources */,
				EE118D8A241E72810069CB1F /* HomeInfoTableViewCell.swift in Sources */,
				EE118D69241E67FE0069CB1F /* SceneDelegate.swift in Sources */,
				EE118D93241E782C0069CB1F /* NetworkApiManager.swift in Sources */,
				EE118D90241E76020069CB1F /* Constants.swift in Sources */,
			);
			runOnlyForDeploymentPostprocessing = 0;
		};
		EE118D75241E67FF0069CB1F /* Sources */ = {
			isa = PBXSourcesBuildPhase;
			buildActionMask = 2147483647;
			files = (
				EE118D7E241E67FF0069CB1F /* NewTestIOSTests.swift in Sources */,
			);
			runOnlyForDeploymentPostprocessing = 0;
		};
/* End PBXSourcesBuildPhase section */

/* Begin PBXTargetDependency section */
		EE118D7B241E67FF0069CB1F /* PBXTargetDependency */ = {
			isa = PBXTargetDependency;
			target = EE118D62241E67FE0069CB1F /* NewTestIOS */;
			targetProxy = EE118D7A241E67FF0069CB1F /* PBXContainerItemProxy */;
		};
/* End PBXTargetDependency section */

/* Begin PBXVariantGroup section */
		EE118D71241E67FF0069CB1F /* LaunchScreen.storyboard */ = {
			isa = PBXVariantGroup;
			children = (
				EE118D72241E67FF0069CB1F /* Base */,
			);
			name = LaunchScreen.storyboard;
			sourceTree = "<group>";
		};
/* End PBXVariantGroup section */

/* Begin XCBuildConfiguration section */
		EE118D80241E67FF0069CB1F /* Debug */ = {
			isa = XCBuildConfiguration;
			buildSettings = {
				ALWAYS_SEARCH_USER_PATHS = NO;
				CLANG_ANALYZER_NONNULL = YES;
				CLANG_ANALYZER_NUMBER_OBJECT_CONVERSION = YES_AGGRESSIVE;
				CLANG_CXX_LANGUAGE_STANDARD = "gnu++14";
				CLANG_CXX_LIBRARY = "libc++";
				CLANG_ENABLE_MODULES = YES;
				CLANG_ENABLE_OBJC_ARC = YES;
				CLANG_ENABLE_OBJC_WEAK = YES;
				CLANG_WARN_BLOCK_CAPTURE_AUTORELEASING = YES;
				CLANG_WARN_BOOL_CONVERSION = YES;
				CLANG_WARN_COMMA = YES;
				CLANG_WARN_CONSTANT_CONVERSION = YES;
				CLANG_WARN_DEPRECATED_OBJC_IMPLEMENTATIONS = YES;
				CLANG_WARN_DIRECT_OBJC_ISA_USAGE = YES_ERROR;
				CLANG_WARN_DOCUMENTATION_COMMENTS = YES;
				CLANG_WARN_EMPTY_BODY = YES;
				CLANG_WARN_ENUM_CONVERSION = YES;
				CLANG_WARN_INFINITE_RECURSION = YES;
				CLANG_WARN_INT_CONVERSION = YES;
				CLANG_WARN_NON_LITERAL_NULL_CONVERSION = YES;
				CLANG_WARN_OBJC_IMPLICIT_RETAIN_SELF = YES;
				CLANG_WARN_OBJC_LITERAL_CONVERSION = YES;
				CLANG_WARN_OBJC_ROOT_CLASS = YES_ERROR;
				CLANG_WARN_RANGE_LOOP_ANALYSIS = YES;
				CLANG_WARN_STRICT_PROTOTYPES = YES;
				CLANG_WARN_SUSPICIOUS_MOVE = YES;
				CLANG_WARN_UNGUARDED_AVAILABILITY = YES_AGGRESSIVE;
				CLANG_WARN_UNREACHABLE_CODE = YES;
				CLANG_WARN__DUPLICATE_METHOD_MATCH = YES;
				COPY_PHASE_STRIP = NO;
				DEBUG_INFORMATION_FORMAT = dwarf;
				ENABLE_STRICT_OBJC_MSGSEND = YES;
				ENABLE_TESTABILITY = YES;
				GCC_C_LANGUAGE_STANDARD = gnu11;
				GCC_DYNAMIC_NO_PIC = NO;
				GCC_NO_COMMON_BLOCKS = YES;
				GCC_OPTIMIZATION_LEVEL = 0;
				GCC_PREPROCESSOR_DEFINITIONS = (
					"DEBUG=1",
					"$(inherited)",
				);
				GCC_WARN_64_TO_32_BIT_CONVERSION = YES;
				GCC_WARN_ABOUT_RETURN_TYPE = YES_ERROR;
				GCC_WARN_UNDECLARED_SELECTOR = YES;
				GCC_WARN_UNINITIALIZED_AUTOS = YES_AGGRESSIVE;
				GCC_WARN_UNUSED_FUNCTION = YES;
				GCC_WARN_UNUSED_VARIABLE = YES;
				IPHONEOS_DEPLOYMENT_TARGET = 13.2;
				MTL_ENABLE_DEBUG_INFO = INCLUDE_SOURCE;
				MTL_FAST_MATH = YES;
				ONLY_ACTIVE_ARCH = YES;
				SDKROOT = iphoneos;
				SWIFT_ACTIVE_COMPILATION_CONDITIONS = DEBUG;
				SWIFT_OPTIMIZATION_LEVEL = "-Onone";
			};
			name = Debug;
		};
		EE118D81241E67FF0069CB1F /* Release */ = {
			isa = XCBuildConfiguration;
			buildSettings = {
				ALWAYS_SEARCH_USER_PATHS = NO;
				CLANG_ANALYZER_NONNULL = YES;
				CLANG_ANALYZER_NUMBER_OBJECT_CONVERSION = YES_AGGRESSIVE;
				CLANG_CXX_LANGUAGE_STANDARD = "gnu++14";
				CLANG_CXX_LIBRARY = "libc++";
				CLANG_ENABLE_MODULES = YES;
				CLANG_ENABLE_OBJC_ARC = YES;
				CLANG_ENABLE_OBJC_WEAK = YES;
				CLANG_WARN_BLOCK_CAPTURE_AUTORELEASING = YES;
				CLANG_WARN_BOOL_CONVERSION = YES;
				CLANG_WARN_COMMA = YES;
				CLANG_WARN_CONSTANT_CONVERSION = YES;
				CLANG_WARN_DEPRECATED_OBJC_IMPLEMENTATIONS = YES;
				CLANG_WARN_DIRECT_OBJC_ISA_USAGE = YES_ERROR;
				CLANG_WARN_DOCUMENTATION_COMMENTS = YES;
				CLANG_WARN_EMPTY_BODY = YES;
				CLANG_WARN_ENUM_CONVERSION = YES;
				CLANG_WARN_INFINITE_RECURSION = YES;
				CLANG_WARN_INT_CONVERSION = YES;
				CLANG_WARN_NON_LITERAL_NULL_CONVERSION = YES;
				CLANG_WARN_OBJC_IMPLICIT_RETAIN_SELF = YES;
				CLANG_WARN_OBJC_LITERAL_CONVERSION = YES;
				CLANG_WARN_OBJC_ROOT_CLASS = YES_ERROR;
				CLANG_WARN_RANGE_LOOP_ANALYSIS = YES;
				CLANG_WARN_STRICT_PROTOTYPES = YES;
				CLANG_WARN_SUSPICIOUS_MOVE = YES;
				CLANG_WARN_UNGUARDED_AVAILABILITY = YES_AGGRESSIVE;
				CLANG_WARN_UNREACHABLE_CODE = YES;
				CLANG_WARN__DUPLICATE_METHOD_MATCH = YES;
				COPY_PHASE_STRIP = NO;
				DEBUG_INFORMATION_FORMAT = "dwarf-with-dsym";
				ENABLE_NS_ASSERTIONS = NO;
				ENABLE_STRICT_OBJC_MSGSEND = YES;
				GCC_C_LANGUAGE_STANDARD = gnu11;
				GCC_NO_COMMON_BLOCKS = YES;
				GCC_WARN_64_TO_32_BIT_CONVERSION = YES;
				GCC_WARN_ABOUT_RETURN_TYPE = YES_ERROR;
				GCC_WARN_UNDECLARED_SELECTOR = YES;
				GCC_WARN_UNINITIALIZED_AUTOS = YES_AGGRESSIVE;
				GCC_WARN_UNUSED_FUNCTION = YES;
				GCC_WARN_UNUSED_VARIABLE = YES;
				IPHONEOS_DEPLOYMENT_TARGET = 13.2;
				MTL_ENABLE_DEBUG_INFO = NO;
				MTL_FAST_MATH = YES;
				SDKROOT = iphoneos;
				SWIFT_COMPILATION_MODE = wholemodule;
				SWIFT_OPTIMIZATION_LEVEL = "-O";
				VALIDATE_PRODUCT = YES;
			};
			name = Release;
		};
		EE118D83241E67FF0069CB1F /* Debug */ = {
			isa = XCBuildConfiguration;
			baseConfigurationReference = 903716EA4C38C23F5C19E8FA /* Pods-NewTestIOS.debug.xcconfig */;
			buildSettings = {
				ASSETCATALOG_COMPILER_APPICON_NAME = AppIcon;
				CODE_SIGN_IDENTITY = "Apple Development";
				CODE_SIGN_STYLE = Automatic;
				DEVELOPMENT_TEAM = Z2BAKP3ULU;
				INFOPLIST_FILE = NewTestIOS/Info.plist;
				IPHONEOS_DEPLOYMENT_TARGET = 11.0;
				LD_RUNPATH_SEARCH_PATHS = (
					"$(inherited)",
					"@executable_path/Frameworks",
				);
				PRODUCT_BUNDLE_IDENTIFIER = com.demo.NewTestIOS;
				PRODUCT_NAME = "$(TARGET_NAME)";
				PROVISIONING_PROFILE_SPECIFIER = "";
				SWIFT_VERSION = 5.0;
				TARGETED_DEVICE_FAMILY = "1,2";
			};
			name = Debug;
		};
		EE118D84241E67FF0069CB1F /* Release */ = {
			isa = XCBuildConfiguration;
			baseConfigurationReference = 4176DE5F23E622E42C8FA78D /* Pods-NewTestIOS.release.xcconfig */;
			buildSettings = {
				ASSETCATALOG_COMPILER_APPICON_NAME = AppIcon;
				CODE_SIGN_IDENTITY = "Apple Development";
				CODE_SIGN_STYLE = Automatic;
				DEVELOPMENT_TEAM = Z2BAKP3ULU;
				INFOPLIST_FILE = NewTestIOS/Info.plist;
				IPHONEOS_DEPLOYMENT_TARGET = 11.0;
				LD_RUNPATH_SEARCH_PATHS = (
					"$(inherited)",
					"@executable_path/Frameworks",
				);
				PRODUCT_BUNDLE_IDENTIFIER = com.demo.NewTestIOS;
				PRODUCT_NAME = "$(TARGET_NAME)";
				PROVISIONING_PROFILE_SPECIFIER = "";
				SWIFT_VERSION = 5.0;
				TARGETED_DEVICE_FAMILY = "1,2";
			};
			name = Release;
		};
		EE118D86241E67FF0069CB1F /* Debug */ = {
			isa = XCBuildConfiguration;
			baseConfigurationReference = 439E4CAA6934D9F51940B99D /* Pods-NewTestIOSTests.debug.xcconfig */;
			buildSettings = {
				ALWAYS_EMBED_SWIFT_STANDARD_LIBRARIES = YES;
				BUNDLE_LOADER = "$(TEST_HOST)";
				CODE_SIGN_STYLE = Automatic;
				INFOPLIST_FILE = NewTestIOSTests/Info.plist;
				IPHONEOS_DEPLOYMENT_TARGET = 13.2;
				LD_RUNPATH_SEARCH_PATHS = (
					"$(inherited)",
					"@executable_path/Frameworks",
					"@loader_path/Frameworks",
				);
				PRODUCT_BUNDLE_IDENTIFIER = com.demo.NewTestIOSTests;
				PRODUCT_NAME = "$(TARGET_NAME)";
				SWIFT_VERSION = 5.0;
				TARGETED_DEVICE_FAMILY = "1,2";
				TEST_HOST = "$(BUILT_PRODUCTS_DIR)/NewTestIOS.app/NewTestIOS";
			};
			name = Debug;
		};
		EE118D87241E67FF0069CB1F /* Release */ = {
			isa = XCBuildConfiguration;
			baseConfigurationReference = 52D9405AD710E4FE34E7CE5A /* Pods-NewTestIOSTests.release.xcconfig */;
			buildSettings = {
				ALWAYS_EMBED_SWIFT_STANDARD_LIBRARIES = YES;
				BUNDLE_LOADER = "$(TEST_HOST)";
				CODE_SIGN_STYLE = Automatic;
				INFOPLIST_FILE = NewTestIOSTests/Info.plist;
				IPHONEOS_DEPLOYMENT_TARGET = 13.2;
				LD_RUNPATH_SEARCH_PATHS = (
					"$(inherited)",
					"@executable_path/Frameworks",
					"@loader_path/Frameworks",
				);
				PRODUCT_BUNDLE_IDENTIFIER = com.demo.NewTestIOSTests;
				PRODUCT_NAME = "$(TARGET_NAME)";
				SWIFT_VERSION = 5.0;
				TARGETED_DEVICE_FAMILY = "1,2";
				TEST_HOST = "$(BUILT_PRODUCTS_DIR)/NewTestIOS.app/NewTestIOS";
			};
			name = Release;
		};
/* End XCBuildConfiguration section */

/* Begin XCConfigurationList section */
		EE118D5E241E67FE0069CB1F /* Build configuration list for PBXProject "NewTestIOS" */ = {
			isa = XCConfigurationList;
			buildConfigurations = (
				EE118D80241E67FF0069CB1F /* Debug */,
				EE118D81241E67FF0069CB1F /* Release */,
			);
			defaultConfigurationIsVisible = 0;
			defaultConfigurationName = Release;
		};
		EE118D82241E67FF0069CB1F /* Build configuration list for PBXNativeTarget "NewTestIOS" */ = {
			isa = XCConfigurationList;
			buildConfigurations = (
				EE118D83241E67FF0069CB1F /* Debug */,
				EE118D84241E67FF0069CB1F /* Release */,
			);
			defaultConfigurationIsVisible = 0;
			defaultConfigurationName = Release;
		};
		EE118D85241E67FF0069CB1F /* Build configuration list for PBXNativeTarget "NewTestIOSTests" */ = {
			isa = XCConfigurationList;
			buildConfigurations = (
				EE118D86241E67FF0069CB1F /* Debug */,
				EE118D87241E67FF0069CB1F /* Release */,
			);
			defaultConfigurationIsVisible = 0;
			defaultConfigurationName = Release;
		};
/* End XCConfigurationList section */
	};
	rootObject = EE118D5B241E67FE0069CB1F /* Project object */;
}
